# This file is automatically @generated by Cargo.
# It is not intended for manual editing.
version = 4

[[package]]
name = "hopper-daemon"
version = "0.0.0"

[[package]]
name = "hopper-engine"
version = "0.0.0"

[[package]]
name = "hopper-ledger"
version = "0.0.0"

[[package]]
name = "hopper-model"
version = "0.0.0"

[[package]]
name = "hopper-net"
version = "0.0.0"

[[package]]
name = "hopper-proto"
version = "0.0.0"

[[package]]
name = "hopper-verify"
version = "0.0.0"
